// !$*UTF8*$!
{
	archiveVersion = 1;
	classes = {
	};
	objectVersion = 50;
	objects = {

/* Begin PBXBuildFile section */
		3DDF72AA23D3D379002E3DCA /* AppDelegate.m in Sources */ = {isa = PBXBuildFile; fileRef = 3DDF72A923D3D379002E3DCA /* AppDelegate.m */; };
		3DDF72AD23D3D379002E3DCA /* SceneDelegate.m in Sources */ = {isa = PBXBuildFile; fileRef = 3DDF72AC23D3D379002E3DCA /* SceneDelegate.m */; };
		3DDF72B023D3D379002E3DCA /* ViewController.m in Sources */ = {isa = PBXBuildFile; fileRef = 3DDF72AF23D3D379002E3DCA /* ViewController.m */; };
		3DDF72B323D3D379002E3DCA /* Main.storyboard in Resources */ = {isa = PBXBuildFile; fileRef = 3DDF72B123D3D379002E3DCA /* Main.storyboard */; };
		3DDF72B623D3D379002E3DCA /* TESTO.xcdatamodeld in Sources */ = {isa = PBXBuildFile; fileRef = 3DDF72B423D3D379002E3DCA /* TESTO.xcdatamodeld */; };
		3DDF72B823D3D3A5002E3DCA /* Assets.xcassets in Resources */ = {isa = PBXBuildFile; fileRef = 3DDF72B723D3D3A5002E3DCA /* Assets.xcassets */; };
		3DDF72BB23D3D3A5002E3DCA /* LaunchScreen.storyboard in Resources */ = {isa = PBXBuildFile; fileRef = 3DDF72B923D3D3A5002E3DCA /* LaunchScreen.storyboard */; };
		3DDF72BE23D3D3A5002E3DCA /* main.m in Sources */ = {isa = PBXBuildFile; fileRef = 3DDF72BD23D3D3A5002E3DCA /* main.m */; };
		3DDF72C823D3D3A7002E3DCA /* TESTOTests.m in Sources */ = {isa = PBXBuildFile; fileRef = 3DDF72C723D3D3A7002E3DCA /* TESTOTests.m */; };
		3DDF72D323D3D3A7002E3DCA /* TESTOUITests.m in Sources */ = {isa = PBXBuildFile; fileRef = 3DDF72D223D3D3A7002E3DCA /* TESTOUITests.m */; };
		46FC84018B1B7C695D663D3D /* Pods_TESTO.framework in Frameworks */ = {isa = PBXBuildFile; fileRef = 435760717A12D3838848DB0D /* Pods_TESTO.framework */; };
		55EE8F512F6A1D67807A95F0 /* Pods_TESTOTests.framework in Frameworks */ = {isa = PBXBuildFile; fileRef = DD0030280DFFADA43F90BD9A /* Pods_TESTOTests.framework */; };
		6AECFD39BC6A8592271EAD31 /* Pods_TESTO_TESTOUITests.framework in Frameworks */ = {isa = PBXBuildFile; fileRef = A3FA33C4E995581E7D24FB99 /* Pods_TESTO_TESTOUITests.framework */; };
/* End PBXBuildFile section */

/* Begin PBXContainerItemProxy section */
		3DDF72C423D3D3A7002E3DCA /* PBXContainerItemProxy */ = {
			isa = PBXContainerItemProxy;
			containerPortal = 3DDF729D23D3D379002E3DCA /* Project object */;
			proxyType = 1;
			remoteGlobalIDString = 3DDF72A423D3D379002E3DCA;
			remoteInfo = TESTO;
		};
		3DDF72CF23D3D3A7002E3DCA /* PBXContainerItemProxy */ = {
			isa = PBXContainerItemProxy;
			containerPortal = 3DDF729D23D3D379002E3DCA /* Project object */;
			proxyType = 1;
			remoteGlobalIDString = 3DDF72A423D3D379002E3DCA;
			remoteInfo = TESTO;
		};
/* End PBXContainerItemProxy section */

/* Begin PBXFileReference section */
		1A1024B29F27D3D83DADAEDE /* Pods-TESTO-TESTOUITests.debug.xcconfig */ = {isa = PBXFileReference; includeInIndex = 1; lastKnownFileType = text.xcconfig; name = "Pods-TESTO-TESTOUITests.debug.xcconfig"; path = "Target Support Files/Pods-TESTO-TESTOUITests/Pods-TESTO-TESTOUITests.debug.xcconfig"; sourceTree = "<group>"; };
		3DDF72A523D3D379002E3DCA /* TESTO.app */ = {isa = PBXFileReference; explicitFileType = wrapper.application; includeInIndex = 0; path = TESTO.app; sourceTree = BUILT_PRODUCTS_DIR; };
		3DDF72A823D3D379002E3DCA /* AppDelegate.h */ = {isa = PBXFileReference; lastKnownFileType = sourcecode.c.h; path = AppDelegate.h; sourceTree = "<group>"; };
		3DDF72A923D3D379002E3DCA /* AppDelegate.m */ = {isa = PBXFileReference; lastKnownFileType = sourcecode.c.objc; path = AppDelegate.m; sourceTree = "<group>"; };
		3DDF72AB23D3D379002E3DCA /* SceneDelegate.h */ = {isa = PBXFileReference; lastKnownFileType = sourcecode.c.h; path = SceneDelegate.h; sourceTree = "<group>"; };
		3DDF72AC23D3D379002E3DCA /* SceneDelegate.m */ = {isa = PBXFileReference; lastKnownFileType = sourcecode.c.objc; path = SceneDelegate.m; sourceTree = "<group>"; };
		3DDF72AE23D3D379002E3DCA /* ViewController.h */ = {isa = PBXFileReference; lastKnownFileType = sourcecode.c.h; path = ViewController.h; sourceTree = "<group>"; };
		3DDF72AF23D3D379002E3DCA /* ViewController.m */ = {isa = PBXFileReference; lastKnownFileType = sourcecode.c.objc; path = ViewController.m; sourceTree = "<group>"; };
		3DDF72B223D3D379002E3DCA /* Base */ = {isa = PBXFileReference; lastKnownFileType = file.storyboard; name = Base; path = Base.lproj/Main.storyboard; sourceTree = "<group>"; };
		3DDF72B523D3D379002E3DCA /* TESTO.xcdatamodel */ = {isa = PBXFileReference; lastKnownFileType = wrapper.xcdatamodel; path = TESTO.xcdatamodel; sourceTree = "<group>"; };
		3DDF72B723D3D3A5002E3DCA /* Assets.xcassets */ = {isa = PBXFileReference; lastKnownFileType = folder.assetcatalog; path = Assets.xcassets; sourceTree = "<group>"; };
		3DDF72BA23D3D3A5002E3DCA /* Base */ = {isa = PBXFileReference; lastKnownFileType = file.storyboard; name = Base; path = Base.lproj/LaunchScreen.storyboard; sourceTree = "<group>"; };
		3DDF72BC23D3D3A5002E3DCA /* Info.plist */ = {isa = PBXFileReference; lastKnownFileType = text.plist.xml; path = Info.plist; sourceTree = "<group>"; };
		3DDF72BD23D3D3A5002E3DCA /* main.m */ = {isa = PBXFileReference; lastKnownFileType = sourcecode.c.objc; path = main.m; sourceTree = "<group>"; };
		3DDF72C323D3D3A7002E3DCA /* TESTOTests.xctest */ = {isa = PBXFileReference; explicitFileType = wrapper.cfbundle; includeInIndex = 0; path = TESTOTests.xctest; sourceTree = BUILT_PRODUCTS_DIR; };
		3DDF72C723D3D3A7002E3DCA /* TESTOTests.m */ = {isa = PBXFileReference; lastKnownFileType = sourcecode.c.objc; path = TESTOTests.m; sourceTree = "<group>"; };
		3DDF72C923D3D3A7002E3DCA /* Info.plist */ = {isa = PBXFileReference; lastKnownFileType = text.plist.xml; path = Info.plist; sourceTree = "<group>"; };
		3DDF72CE23D3D3A7002E3DCA /* TESTOUITests.xctest */ = {isa = PBXFileReference; explicitFileType = wrapper.cfbundle; includeInIndex = 0; path = TESTOUITests.xctest; sourceTree = BUILT_PRODUCTS_DIR; };
		3DDF72D223D3D3A7002E3DCA /* TESTOUITests.m */ = {isa = PBXFileReference; lastKnownFileType = sourcecode.c.objc; path = TESTOUITests.m; sourceTree = "<group>"; };
		3DDF72D423D3D3A7002E3DCA /* Info.plist */ = {isa = PBXFileReference; lastKnownFileType = text.plist.xml; path = Info.plist; sourceTree = "<group>"; };
		435760717A12D3838848DB0D /* Pods_TESTO.framework */ = {isa = PBXFileReference; explicitFileType = wrapper.framework; includeInIndex = 0; path = Pods_TESTO.framework; sourceTree = BUILT_PRODUCTS_DIR; };
		5A0CCA0C8B7914A315567FD7 /* Pods-TESTOTests.debug.xcconfig */ = {isa = PBXFileReference; includeInIndex = 1; lastKnownFileType = text.xcconfig; name = "Pods-TESTOTests.debug.xcconfig"; path = "Target Support Files/Pods-TESTOTests/Pods-TESTOTests.debug.xcconfig"; sourceTree = "<group>"; };
		5F66BB5BBC76A17F3FECBDDD /* Pods-TESTO.release.xcconfig */ = {isa = PBXFileReference; includeInIndex = 1; lastKnownFileType = text.xcconfig; name = "Pods-TESTO.release.xcconfig"; path = "Target Support Files/Pods-TESTO/Pods-TESTO.release.xcconfig"; sourceTree = "<group>"; };
		9247B0F6DAC2B20B7978CF01 /* Pods-TESTO.debug.xcconfig */ = {isa = PBXFileReference; includeInIndex = 1; lastKnownFileType = text.xcconfig; name = "Pods-TESTO.debug.xcconfig"; path = "Target Support Files/Pods-TESTO/Pods-TESTO.debug.xcconfig"; sourceTree = "<group>"; };
		A3FA33C4E995581E7D24FB99 /* Pods_TESTO_TESTOUITests.framework */ = {isa = PBXFileReference; explicitFileType = wrapper.framework; includeInIndex = 0; path = Pods_TESTO_TESTOUITests.framework; sourceTree = BUILT_PRODUCTS_DIR; };
		ABBC823D7104BB3DCF6FC007 /* Pods-TESTOTests.release.xcconfig */ = {isa = PBXFileReference; includeInIndex = 1; lastKnownFileType = text.xcconfig; name = "Pods-TESTOTests.release.xcconfig"; path = "Target Support Files/Pods-TESTOTests/Pods-TESTOTests.release.xcconfig"; sourceTree = "<group>"; };
		B016A5C91B2063FA38B20A77 /* Pods-TESTO-TESTOUITests.release.xcconfig */ = {isa = PBXFileReference; includeInIndex = 1; lastKnownFileType = text.xcconfig; name = "Pods-TESTO-TESTOUITests.release.xcconfig"; path = "Target Support Files/Pods-TESTO-TESTOUITests/Pods-TESTO-TESTOUITests.release.xcconfig"; sourceTree = "<group>"; };
		DD0030280DFFADA43F90BD9A /* Pods_TESTOTests.framework */ = {isa = PBXFileReference; explicitFileType = wrapper.framework; includeInIndex = 0; path = Pods_TESTOTests.framework; sourceTree = BUILT_PRODUCTS_DIR; };
/* End PBXFileReference section */

/* Begin PBXFrameworksBuildPhase section */
		3DDF72A223D3D379002E3DCA /* Frameworks */ = {
			isa = PBXFrameworksBuildPhase;
			buildActionMask = 2147483647;
			files = (
				46FC84018B1B7C695D663D3D /* Pods_TESTO.framework in Frameworks */,
			);
			runOnlyForDeploymentPostprocessing = 0;
		};
		3DDF72C023D3D3A7002E3DCA /* Frameworks */ = {
			isa = PBXFrameworksBuildPhase;
			buildActionMask = 2147483647;
			files = (
				55EE8F512F6A1D67807A95F0 /* Pods_TESTOTests.framework in Frameworks */,
			);
			runOnlyForDeploymentPostprocessing = 0;
		};
		3DDF72CB23D3D3A7002E3DCA /* Frameworks */ = {
			isa = PBXFrameworksBuildPhase;
			buildActionMask = 2147483647;
			files = (
				6AECFD39BC6A8592271EAD31 /* Pods_TESTO_TESTOUITests.framework in Frameworks */,
			);
			runOnlyForDeploymentPostprocessing = 0;
		};
/* End PBXFrameworksBuildPhase section */

/* Begin PBXGroup section */
		3DDF729C23D3D379002E3DCA = {
			isa = PBXGroup;
			children = (
				3DDF72A723D3D379002E3DCA /* TESTO */,
				3DDF72C623D3D3A7002E3DCA /* TESTOTests */,
				3DDF72D123D3D3A7002E3DCA /* TESTOUITests */,
				3DDF72A623D3D379002E3DCA /* Products */,
				B44B1BA7B25F36206341A82F /* Pods */,
				9580B05E4986DFD93767383D /* Frameworks */,
			);
			sourceTree = "<group>";
		};
		3DDF72A623D3D379002E3DCA /* Products */ = {
			isa = PBXGroup;
			children = (
				3DDF72A523D3D379002E3DCA /* TESTO.app */,
				3DDF72C323D3D3A7002E3DCA /* TESTOTests.xctest */,
				3DDF72CE23D3D3A7002E3DCA /* TESTOUITests.xctest */,
			);
			name = Products;
			sourceTree = "<group>";
		};
		3DDF72A723D3D379002E3DCA /* TESTO */ = {
			isa = PBXGroup;
			children = (
				3DDF72A823D3D379002E3DCA /* AppDelegate.h */,
				3DDF72A923D3D379002E3DCA /* AppDelegate.m */,
				3DDF72AB23D3D379002E3DCA /* SceneDelegate.h */,
				3DDF72AC23D3D379002E3DCA /* SceneDelegate.m */,
				3DDF72AE23D3D379002E3DCA /* ViewController.h */,
				3DDF72AF23D3D379002E3DCA /* ViewController.m */,
				3DDF72B123D3D379002E3DCA /* Main.storyboard */,
				3DDF72B723D3D3A5002E3DCA /* Assets.xcassets */,
				3DDF72B923D3D3A5002E3DCA /* LaunchScreen.storyboard */,
				3DDF72BC23D3D3A5002E3DCA /* Info.plist */,
				3DDF72BD23D3D3A5002E3DCA /* main.m */,
				3DDF72B423D3D379002E3DCA /* TESTO.xcdatamodeld */,
			);
			path = TESTO;
			sourceTree = "<group>";
		};
		3DDF72C623D3D3A7002E3DCA /* TESTOTests */ = {
			isa = PBXGroup;
			children = (
				3DDF72C723D3D3A7002E3DCA /* TESTOTests.m */,
				3DDF72C923D3D3A7002E3DCA /* Info.plist */,
			);
			path = TESTOTests;
			sourceTree = "<group>";
		};
		3DDF72D123D3D3A7002E3DCA /* TESTOUITests */ = {
			isa = PBXGroup;
			children = (
				3DDF72D223D3D3A7002E3DCA /* TESTOUITests.m */,
				3DDF72D423D3D3A7002E3DCA /* Info.plist */,
			);
			path = TESTOUITests;
			sourceTree = "<group>";
		};
		9580B05E4986DFD93767383D /* Frameworks */ = {
			isa = PBXGroup;
			children = (
				435760717A12D3838848DB0D /* Pods_TESTO.framework */,
				A3FA33C4E995581E7D24FB99 /* Pods_TESTO_TESTOUITests.framework */,
				DD0030280DFFADA43F90BD9A /* Pods_TESTOTests.framework */,
			);
			name = Frameworks;
			sourceTree = "<group>";
		};
		B44B1BA7B25F36206341A82F /* Pods */ = {
			isa = PBXGroup;
			children = (
				9247B0F6DAC2B20B7978CF01 /* Pods-TESTO.debug.xcconfig */,
				5F66BB5BBC76A17F3FECBDDD /* Pods-TESTO.release.xcconfig */,
				1A1024B29F27D3D83DADAEDE /* Pods-TESTO-TESTOUITests.debug.xcconfig */,
				B016A5C91B2063FA38B20A77 /* Pods-TESTO-TESTOUITests.release.xcconfig */,
				5A0CCA0C8B7914A315567FD7 /* Pods-TESTOTests.debug.xcconfig */,
				ABBC823D7104BB3DCF6FC007 /* Pods-TESTOTests.release.xcconfig */,
			);
			name = Pods;
			path = Pods;
			sourceTree = "<group>";
		};
/* End PBXGroup section */

/* Begin PBXNativeTarget section */
		3DDF72A423D3D379002E3DCA /* TESTO */ = {
			isa = PBXNativeTarget;
			buildConfigurationList = 3DDF72D723D3D3A7002E3DCA /* Build configuration list for PBXNativeTarget "TESTO" */;
			buildPhases = (
				18F4243BAC65341A6B4F1AC1 /* [CP] Check Pods Manifest.lock */,
				3DDF72A123D3D379002E3DCA /* Sources */,
				3DDF72A223D3D379002E3DCA /* Frameworks */,
				3DDF72A323D3D379002E3DCA /* Resources */,
				1B9DDBB6593E6F0E4454DA9D /* [CP] Embed Pods Frameworks */,
			);
			buildRules = (
			);
			dependencies = (
			);
			name = TESTO;
			productName = TESTO;
			productReference = 3DDF72A523D3D379002E3DCA /* TESTO.app */;
			productType = "com.apple.product-type.application";
		};
		3DDF72C223D3D3A7002E3DCA /* TESTOTests */ = {
			isa = PBXNativeTarget;
			buildConfigurationList = 3DDF72DA23D3D3A7002E3DCA /* Build configuration list for PBXNativeTarget "TESTOTests" */;
			buildPhases = (
				B1E42E172AD750F4AAD8DE2A /* [CP] Check Pods Manifest.lock */,
				3DDF72BF23D3D3A7002E3DCA /* Sources */,
				3DDF72C023D3D3A7002E3DCA /* Frameworks */,
				3DDF72C123D3D3A7002E3DCA /* Resources */,
			);
			buildRules = (
			);
			dependencies = (
				3DDF72C523D3D3A7002E3DCA /* PBXTargetDependency */,
			);
			name = TESTOTests;
			productName = TESTOTests;
			productReference = 3DDF72C323D3D3A7002E3DCA /* TESTOTests.xctest */;
			productType = "com.apple.product-type.bundle.unit-test";
		};
		3DDF72CD23D3D3A7002E3DCA /* TESTOUITests */ = {
			isa = PBXNativeTarget;
			buildConfigurationList = 3DDF72DD23D3D3A7002E3DCA /* Build configuration list for PBXNativeTarget "TESTOUITests" */;
			buildPhases = (
				6B7770A40AFE6BF2F5BCA293 /* [CP] Check Pods Manifest.lock */,
				3DDF72CA23D3D3A7002E3DCA /* Sources */,
				3DDF72CB23D3D3A7002E3DCA /* Frameworks */,
				3DDF72CC23D3D3A7002E3DCA /* Resources */,
				FFF9CF06F4C8FDEACF8DC596 /* [CP] Embed Pods Frameworks */,
			);
			buildRules = (
			);
			dependencies = (
				3DDF72D023D3D3A7002E3DCA /* PBXTargetDependency */,
			);
			name = TESTOUITests;
			productName = TESTOUITests;
			productReference = 3DDF72CE23D3D3A7002E3DCA /* TESTOUITests.xctest */;
			productType = "com.apple.product-type.bundle.ui-testing";
		};
/* End PBXNativeTarget section */

/* Begin PBXProject section */
		3DDF729D23D3D379002E3DCA /* Project object */ = {
			isa = PBXProject;
			attributes = {
				LastUpgradeCheck = 1130;
				ORGANIZATIONNAME = MoringStar;
				TargetAttributes = {
					3DDF72A423D3D379002E3DCA = {
						CreatedOnToolsVersion = 11.3;
					};
					3DDF72C223D3D3A7002E3DCA = {
						CreatedOnToolsVersion = 11.3;
						TestTargetID = 3DDF72A423D3D379002E3DCA;
					};
					3DDF72CD23D3D3A7002E3DCA = {
						CreatedOnToolsVersion = 11.3;
						TestTargetID = 3DDF72A423D3D379002E3DCA;
					};
				};
			};
			buildConfigurationList = 3DDF72A023D3D379002E3DCA /* Build configuration list for PBXProject "TESTO" */;
			compatibilityVersion = "Xcode 9.3";
			developmentRegion = en;
			hasScannedForEncodings = 0;
			knownRegions = (
				en,
				Base,
			);
			mainGroup = 3DDF729C23D3D379002E3DCA;
			productRefGroup = 3DDF72A623D3D379002E3DCA /* Products */;
			projectDirPath = "";
			projectRoot = "";
			targets = (
				3DDF72A423D3D379002E3DCA /* TESTO */,
				3DDF72C223D3D3A7002E3DCA /* TESTOTests */,
				3DDF72CD23D3D3A7002E3DCA /* TESTOUITests */,
			);
		};
/* End PBXProject section */

/* Begin PBXResourcesBuildPhase section */
		3DDF72A323D3D379002E3DCA /* Resources */ = {
			isa = PBXResourcesBuildPhase;
			buildActionMask = 2147483647;
			files = (
				3DDF72BB23D3D3A5002E3DCA /* LaunchScreen.storyboard in Resources */,
				3DDF72B823D3D3A5002E3DCA /* Assets.xcassets in Resources */,
				3DDF72B323D3D379002E3DCA /* Main.storyboard in Resources */,
			);
			runOnlyForDeploymentPostprocessing = 0;
		};
		3DDF72C123D3D3A7002E3DCA /* Resources */ = {
			isa = PBXResourcesBuildPhase;
			buildActionMask = 2147483647;
			files = (
			);
			runOnlyForDeploymentPostprocessing = 0;
		};
		3DDF72CC23D3D3A7002E3DCA /* Resources */ = {
			isa = PBXResourcesBuildPhase;
			buildActionMask = 2147483647;
			files = (
			);
			runOnlyForDeploymentPostprocessing = 0;
		};
/* End PBXResourcesBuildPhase section */

/* Begin PBXShellScriptBuildPhase section */
		18F4243BAC65341A6B4F1AC1 /* [CP] Check Pods Manifest.lock */ = {
			isa = PBXShellScriptBuildPhase;
			buildActionMask = 2147483647;
			files = (
			);
			inputFileListPaths = (
			);
			inputPaths = (
				"${PODS_PODFILE_DIR_PATH}/Podfile.lock",
				"${PODS_ROOT}/Manifest.lock",
			);
			name = "[CP] Check Pods Manifest.lock";
			outputFileListPaths = (
			);
			outputPaths = (
				"$(DERIVED_FILE_DIR)/Pods-TESTO-checkManifestLockResult.txt",
			);
			runOnlyForDeploymentPostprocessing = 0;
			shellPath = /bin/sh;
			shellScript = "diff \"${PODS_PODFILE_DIR_PATH}/Podfile.lock\" \"${PODS_ROOT}/Manifest.lock\" > /dev/null\nif [ $? != 0 ] ; then\n    # print error to STDERR\n    echo \"error: The sandbox is not in sync with the Podfile.lock. Run 'pod install' or update your CocoaPods installation.\" >&2\n    exit 1\nfi\n# This output is used by Xcode 'outputs' to avoid re-running this script phase.\necho \"SUCCESS\" > \"${SCRIPT_OUTPUT_FILE_0}\"\n";
			showEnvVarsInLog = 0;
		};
		1B9DDBB6593E6F0E4454DA9D /* [CP] Embed Pods Frameworks */ = {
			isa = PBXShellScriptBuildPhase;
			buildActionMask = 2147483647;
			files = (
			);
			inputFileListPaths = (
				"${PODS_ROOT}/Target Support Files/Pods-TESTO/Pods-TESTO-frameworks-${CONFIGURATION}-input-files.xcfilelist",
			);
			name = "[CP] Embed Pods Frameworks";
			outputFileListPaths = (
				"${PODS_ROOT}/Target Support Files/Pods-TESTO/Pods-TESTO-frameworks-${CONFIGURATION}-output-files.xcfilelist",
			);
			runOnlyForDeploymentPostprocessing = 0;
			shellPath = /bin/sh;
			shellScript = "\"${PODS_ROOT}/Target Support Files/Pods-TESTO/Pods-TESTO-frameworks.sh\"\n";
			showEnvVarsInLog = 0;
		};
		6B7770A40AFE6BF2F5BCA293 /* [CP] Check Pods Manifest.lock */ = {
			isa = PBXShellScriptBuildPhase;
			buildActionMask = 2147483647;
			files = (
			);
			inputFileListPaths = (
			);
			inputPaths = (
				"${PODS_PODFILE_DIR_PATH}/Podfile.lock",
				"${PODS_ROOT}/Manifest.lock",
			);
			name = "[CP] Check Pods Manifest.lock";
			outputFileListPaths = (
			);
			outputPaths = (
				"$(DERIVED_FILE_DIR)/Pods-TESTO-TESTOUITests-checkManifestLockResult.txt",
			);
			runOnlyForDeploymentPostprocessing = 0;
			shellPath = /bin/sh;
			shellScript = "diff \"${PODS_PODFILE_DIR_PATH}/Podfile.lock\" \"${PODS_ROOT}/Manifest.lock\" > /dev/null\nif [ $? != 0 ] ; then\n    # print error to STDERR\n    echo \"error: The sandbox is not in sync with the Podfile.lock. Run 'pod install' or update your CocoaPods installation.\" >&2\n    exit 1\nfi\n# This output is used by Xcode 'outputs' to avoid re-running this script phase.\necho \"SUCCESS\" > \"${SCRIPT_OUTPUT_FILE_0}\"\n";
			showEnvVarsInLog = 0;
		};
		B1E42E172AD750F4AAD8DE2A /* [CP] Check Pods Manifest.lock */ = {
			isa = PBXShellScriptBuildPhase;
			buildActionMask = 2147483647;
			files = (
			);
			inputFileListPaths = (
			);
			inputPaths = (
				"${PODS_PODFILE_DIR_PATH}/Podfile.lock",
				"${PODS_ROOT}/Manifest.lock",
			);
			name = "[CP] Check Pods Manifest.lock";
			outputFileListPaths = (
			);
			outputPaths = (
				"$(DERIVED_FILE_DIR)/Pods-TESTOTests-checkManifestLockResult.txt",
			);
			runOnlyForDeploymentPostprocessing = 0;
			shellPath = /bin/sh;
			shellScript = "diff \"${PODS_PODFILE_DIR_PATH}/Podfile.lock\" \"${PODS_ROOT}/Manifest.lock\" > /dev/null\nif [ $? != 0 ] ; then\n    # print error to STDERR\n    echo \"error: The sandbox is not in sync with the Podfile.lock. Run 'pod install' or update your CocoaPods installation.\" >&2\n    exit 1\nfi\n# This output is used by Xcode 'outputs' to avoid re-running this script phase.\necho \"SUCCESS\" > \"${SCRIPT_OUTPUT_FILE_0}\"\n";
			showEnvVarsInLog = 0;
		};
		FFF9CF06F4C8FDEACF8DC596 /* [CP] Embed Pods Frameworks */ = {
			isa = PBXShellScriptBuildPhase;
			buildActionMask = 2147483647;
			files = (
			);
			inputFileListPaths = (
				"${PODS_ROOT}/Target Support Files/Pods-TESTO-TESTOUITests/Pods-TESTO-TESTOUITests-frameworks-${CONFIGURATION}-input-files.xcfilelist",
			);
			name = "[CP] Embed Pods Frameworks";
			outputFileListPaths = (
				"${PODS_ROOT}/Target Support Files/Pods-TESTO-TESTOUITests/Pods-TESTO-TESTOUITests-frameworks-${CONFIGURATION}-output-files.xcfilelist",
			);
			runOnlyForDeploymentPostprocessing = 0;
			shellPath = /bin/sh;
			shellScript = "\"${PODS_ROOT}/Target Support Files/Pods-TESTO-TESTOUITests/Pods-TESTO-TESTOUITests-frameworks.sh\"\n";
			showEnvVarsInLog = 0;
		};
/* End PBXShellScriptBuildPhase section */

/* Begin PBXSourcesBuildPhase section */
		3DDF72A123D3D379002E3DCA /* Sources */ = {
			isa = PBXSourcesBuildPhase;
			buildActionMask = 2147483647;
			files = (
				3DDF72BE23D3D3A5002E3DCA /* main.m in Sources */,
				3DDF72B023D3D379002E3DCA /* ViewController.m in Sources */,
				3DDF72B623D3D379002E3DCA /* TESTO.xcdatamodeld in Sources */,
				3DDF72AA23D3D379002E3DCA /* AppDelegate.m in Sources */,
				3DDF72AD23D3D379002E3DCA /* SceneDelegate.m in Sources */,
			);
			runOnlyForDeploymentPostprocessing = 0;
		};
		3DDF72BF23D3D3A7002E3DCA /* Sources */ = {
			isa = PBXSourcesBuildPhase;
			buildActionMask = 2147483647;
			files = (
				3DDF72C823D3D3A7002E3DCA /* TESTOTests.m in Sources */,
			);
			runOnlyForDeploymentPostprocessing = 0;
		};
		3DDF72CA23D3D3A7002E3DCA /* Sources */ = {
			isa = PBXSourcesBuildPhase;
			buildActionMask = 2147483647;
			files = (
				3DDF72D323D3D3A7002E3DCA /* TESTOUITests.m in Sources */,
			);
			runOnlyForDeploymentPostprocessing = 0;
		};
/* End PBXSourcesBuildPhase section */

/* Begin PBXTargetDependency section */
		3DDF72C523D3D3A7002E3DCA /* PBXTargetDependency */ = {
			isa = PBXTargetDependency;
			target = 3DDF72A423D3D379002E3DCA /* TESTO */;
			targetProxy = 3DDF72C423D3D3A7002E3DCA /* PBXContainerItemProxy */;
		};
		3DDF72D023D3D3A7002E3DCA /* PBXTargetDependency */ = {
			isa = PBXTargetDependency;
			target = 3DDF72A423D3D379002E3DCA /* TESTO */;
			targetProxy = 3DDF72CF23D3D3A7002E3DCA /* PBXContainerItemProxy */;
		};
/* End PBXTargetDependency section */

/* Begin PBXVariantGroup section */
		3DDF72B123D3D379002E3DCA /* Main.storyboard */ = {
			isa = PBXVariantGroup;
			children = (
				3DDF72B223D3D379002E3DCA /* Base */,
			);
			name = Main.storyboard;
			sourceTree = "<group>";
		};
		3DDF72B923D3D3A5002E3DCA /* LaunchScreen.storyboard */ = {
			isa = PBXVariantGroup;
			children = (
				3DDF72BA23D3D3A5002E3DCA /* Base */,
			);
			name = LaunchScreen.storyboard;
			sourceTree = "<group>";
		};
/* End PBXVariantGroup section */

/* Begin XCBuildConfiguration section */
		3DDF72D523D3D3A7002E3DCA /* Debug */ = {
			isa = XCBuildConfiguration;
			buildSettings = {
				ALWAYS_SEARCH_USER_PATHS = NO;
				CLANG_ANALYZER_NONNULL = YES;
				CLANG_ANALYZER_NUMBER_OBJECT_CONVERSION = YES_AGGRESSIVE;
				CLANG_CXX_LANGUAGE_STANDARD = "gnu++14";
				CLANG_CXX_LIBRARY = "libc++";
				CLANG_ENABLE_MODULES = YES;
				CLANG_ENABLE_OBJC_ARC = YES;
				CLANG_ENABLE_OBJC_WEAK = YES;
				CLANG_WARN_BLOCK_CAPTURE_AUTORELEASING = YES;
				CLANG_WARN_BOOL_CONVERSION = YES;
				CLANG_WARN_COMMA = YES;
				CLANG_WARN_CONSTANT_CONVERSION = YES;
				CLANG_WARN_DEPRECATED_OBJC_IMPLEMENTATIONS = YES;
				CLANG_WARN_DIRECT_OBJC_ISA_USAGE = YES_ERROR;
				CLANG_WARN_DOCUMENTATION_COMMENTS = YES;
				CLANG_WARN_EMPTY_BODY = YES;
				CLANG_WARN_ENUM_CONVERSION = YES;
				CLANG_WARN_INFINITE_RECURSION = YES;
				CLANG_WARN_INT_CONVERSION = YES;
				CLANG_WARN_NON_LITERAL_NULL_CONVERSION = YES;
				CLANG_WARN_OBJC_IMPLICIT_RETAIN_SELF = YES;
				CLANG_WARN_OBJC_LITERAL_CONVERSION = YES;
				CLANG_WARN_OBJC_ROOT_CLASS = YES_ERROR;
				CLANG_WARN_RANGE_LOOP_ANALYSIS = YES;
				CLANG_WARN_STRICT_PROTOTYPES = YES;
				CLANG_WARN_SUSPICIOUS_MOVE = YES;
				CLANG_WARN_UNGUARDED_AVAILABILITY = YES_AGGRESSIVE;
				CLANG_WARN_UNREACHABLE_CODE = YES;
				CLANG_WARN__DUPLICATE_METHOD_MATCH = YES;
				COPY_PHASE_STRIP = NO;
				DEBUG_INFORMATION_FORMAT = dwarf;
				ENABLE_STRICT_OBJC_MSGSEND = YES;
				ENABLE_TESTABILITY = YES;
				GCC_C_LANGUAGE_STANDARD = gnu11;
				GCC_DYNAMIC_NO_PIC = NO;
				GCC_NO_COMMON_BLOCKS = YES;
				GCC_OPTIMIZATION_LEVEL = 0;
				GCC_PREPROCESSOR_DEFINITIONS = (
					"DEBUG=1",
					"$(inherited)",
				);
				GCC_WARN_64_TO_32_BIT_CONVERSION = YES;
				GCC_WARN_ABOUT_RETURN_TYPE = YES_ERROR;
				GCC_WARN_UNDECLARED_SELECTOR = YES;
				GCC_WARN_UNINITIALIZED_AUTOS = YES_AGGRESSIVE;
				GCC_WARN_UNUSED_FUNCTION = YES;
				GCC_WARN_UNUSED_VARIABLE = YES;
				IPHONEOS_DEPLOYMENT_TARGET = 13.2;
				MTL_ENABLE_DEBUG_INFO = INCLUDE_SOURCE;
				MTL_FAST_MATH = YES;
				ONLY_ACTIVE_ARCH = YES;
				SDKROOT = iphoneos;
			};
			name = Debug;
		};
		3DDF72D623D3D3A7002E3DCA /* Release */ = {
			isa = XCBuildConfiguration;
			buildSettings = {
				ALWAYS_SEARCH_USER_PATHS = NO;
				CLANG_ANALYZER_NONNULL = YES;
				CLANG_ANALYZER_NUMBER_OBJECT_CONVERSION = YES_AGGRESSIVE;
				CLANG_CXX_LANGUAGE_STANDARD = "gnu++14";
				CLANG_CXX_LIBRARY = "libc++";
				CLANG_ENABLE_MODULES = YES;
				CLANG_ENABLE_OBJC_ARC = YES;
				CLANG_ENABLE_OBJC_WEAK = YES;
				CLANG_WARN_BLOCK_CAPTURE_AUTORELEASING = YES;
				CLANG_WARN_BOOL_CONVERSION = YES;
				CLANG_WARN_COMMA = YES;
				CLANG_WARN_CONSTANT_CONVERSION = YES;
				CLANG_WARN_DEPRECATED_OBJC_IMPLEMENTATIONS = YES;
				CLANG_WARN_DIRECT_OBJC_ISA_USAGE = YES_ERROR;
				CLANG_WARN_DOCUMENTATION_COMMENTS = YES;
				CLANG_WARN_EMPTY_BODY = YES;
				CLANG_WARN_ENUM_CONVERSION = YES;
				CLANG_WARN_INFINITE_RECURSION = YES;
				CLANG_WARN_INT_CONVERSION = YES;
				CLANG_WARN_NON_LITERAL_NULL_CONVERSION = YES;
				CLANG_WARN_OBJC_IMPLICIT_RETAIN_SELF = YES;
				CLANG_WARN_OBJC_LITERAL_CONVERSION = YES;
				CLANG_WARN_OBJC_ROOT_CLASS = YES_ERROR;
				CLANG_WARN_RANGE_LOOP_ANALYSIS = YES;
				CLANG_WARN_STRICT_PROTOTYPES = YES;
				CLANG_WARN_SUSPICIOUS_MOVE = YES;
				CLANG_WARN_UNGUARDED_AVAILABILITY = YES_AGGRESSIVE;
				CLANG_WARN_UNREACHABLE_CODE = YES;
				CLANG_WARN__DUPLICATE_METHOD_MATCH = YES;
				COPY_PHASE_STRIP = NO;
				DEBUG_INFORMATION_FORMAT = "dwarf-with-dsym";
				ENABLE_NS_ASSERTIONS = NO;
				ENABLE_STRICT_OBJC_MSGSEND = YES;
				GCC_C_LANGUAGE_STANDARD = gnu11;
				GCC_NO_COMMON_BLOCKS = YES;
				GCC_WARN_64_TO_32_BIT_CONVERSION = YES;
				GCC_WARN_ABOUT_RETURN_TYPE = YES_ERROR;
				GCC_WARN_UNDECLARED_SELECTOR = YES;
				GCC_WARN_UNINITIALIZED_AUTOS = YES_AGGRESSIVE;
				GCC_WARN_UNUSED_FUNCTION = YES;
				GCC_WARN_UNUSED_VARIABLE = YES;
				IPHONEOS_DEPLOYMENT_TARGET = 13.2;
				MTL_ENABLE_DEBUG_INFO = NO;
				MTL_FAST_MATH = YES;
				SDKROOT = iphoneos;
				VALIDATE_PRODUCT = YES;
			};
			name = Release;
		};
		3DDF72D823D3D3A7002E3DCA /* Debug */ = {
			isa = XCBuildConfiguration;
			baseConfigurationReference = 9247B0F6DAC2B20B7978CF01 /* Pods-TESTO.debug.xcconfig */;
			buildSettings = {
				ASSETCATALOG_COMPILER_APPICON_NAME = AppIcon;
				CODE_SIGN_STYLE = Automatic;
				DEVELOPMENT_TEAM = 4GT6QWN3KX;
				INFOPLIST_FILE = TESTO/Info.plist;
				LD_RUNPATH_SEARCH_PATHS = (
					"$(inherited)",
					"@executable_path/Frameworks",
				);
				PRODUCT_BUNDLE_IDENTIFIER = com.Moring.ios.TESTO;
				PRODUCT_NAME = "$(TARGET_NAME)";
				TARGETED_DEVICE_FAMILY = "1,2";
			};
			name = Debug;
		};
		3DDF72D923D3D3A7002E3DCA /* Release */ = {
			isa = XCBuildConfiguration;
			baseConfigurationReference = 5F66BB5BBC76A17F3FECBDDD /* Pods-TESTO.release.xcconfig */;
			buildSettings = {
				ASSETCATALOG_COMPILER_APPICON_NAME = AppIcon;
				CODE_SIGN_STYLE = Automatic;
				DEVELOPMENT_TEAM = 4GT6QWN3KX;
				INFOPLIST_FILE = TESTO/Info.plist;
				LD_RUNPATH_SEARCH_PATHS = (
					"$(inherited)",
					"@executable_path/Frameworks",
				);
				PRODUCT_BUNDLE_IDENTIFIER = com.Moring.ios.TESTO;
				PRODUCT_NAME = "$(TARGET_NAME)";
				TARGETED_DEVICE_FAMILY = "1,2";
			};
			name = Release;
		};
		3DDF72DB23D3D3A7002E3DCA /* Debug */ = {
			isa = XCBuildConfiguration;
			baseConfigurationReference = 5A0CCA0C8B7914A315567FD7 /* Pods-TESTOTests.debug.xcconfig */;
			buildSettings = {
				BUNDLE_LOADER = "$(TEST_HOST)";
				CODE_SIGN_STYLE = Automatic;
				DEVELOPMENT_TEAM = 4GT6QWN3KX;
				INFOPLIST_FILE = TESTOTests/Info.plist;
				IPHONEOS_DEPLOYMENT_TARGET = 13.2;
				LD_RUNPATH_SEARCH_PATHS = (
					"$(inherited)",
					"@executable_path/Frameworks",
					"@loader_path/Frameworks",
				);
				PRODUCT_BUNDLE_IDENTIFIER = com.Moring.ios.TESTOTests;
				PRODUCT_NAME = "$(TARGET_NAME)";
				TARGETED_DEVICE_FAMILY = "1,2";
				TEST_HOST = "$(BUILT_PRODUCTS_DIR)/TESTO.app/TESTO";
			};
			name = Debug;
		};
		3DDF72DC23D3D3A7002E3DCA /* Release */ = {
			isa = XCBuildConfiguration;
			baseConfigurationReference = ABBC823D7104BB3DCF6FC007 /* Pods-TESTOTests.release.xcconfig */;
			buildSettings = {
				BUNDLE_LOADER = "$(TEST_HOST)";
				CODE_SIGN_STYLE = Automatic;
				DEVELOPMENT_TEAM = 4GT6QWN3KX;
				INFOPLIST_FILE = TESTOTests/Info.plist;
				IPHONEOS_DEPLOYMENT_TARGET = 13.2;
				LD_RUNPATH_SEARCH_PATHS = (
					"$(inherited)",
					"@executable_path/Frameworks",
					"@loader_path/Frameworks",
				);
				PRODUCT_BUNDLE_IDENTIFIER = com.Moring.ios.TESTOTests;
				PRODUCT_NAME = "$(TARGET_NAME)";
				TARGETED_DEVICE_FAMILY = "1,2";
				TEST_HOST = "$(BUILT_PRODUCTS_DIR)/TESTO.app/TESTO";
			};
			name = Release;
		};
		3DDF72DE23D3D3A7002E3DCA /* Debug */ = {
			isa = XCBuildConfiguration;
			baseConfigurationReference = 1A1024B29F27D3D83DADAEDE /* Pods-TESTO-TESTOUITests.debug.xcconfig */;
			buildSettings = {
				CODE_SIGN_STYLE = Automatic;
				DEVELOPMENT_TEAM = 4GT6QWN3KX;
				INFOPLIST_FILE = TESTOUITests/Info.plist;
				LD_RUNPATH_SEARCH_PATHS = (
					"$(inherited)",
					"@executable_path/Frameworks",
					"@loader_path/Frameworks",
				);
				PRODUCT_BUNDLE_IDENTIFIER = com.Moring.ios.TESTOUITests;
				PRODUCT_NAME = "$(TARGET_NAME)";
				TARGETED_DEVICE_FAMILY = "1,2";
				TEST_TARGET_NAME = TESTO;
			};
			name = Debug;
		};
		3DDF72DF23D3D3A7002E3DCA /* Release */ = {
			isa = XCBuildConfiguration;
			baseConfigurationReference = B016A5C91B2063FA38B20A77 /* Pods-TESTO-TESTOUITests.release.xcconfig */;
			buildSettings = {
				CODE_SIGN_STYLE = Automatic;
				DEVELOPMENT_TEAM = 4GT6QWN3KX;
				INFOPLIST_FILE = TESTOUITests/Info.plist;
				LD_RUNPATH_SEARCH_PATHS = (
					"$(inherited)",
					"@executable_path/Frameworks",
					"@loader_path/Frameworks",
				);
				PRODUCT_BUNDLE_IDENTIFIER = com.Moring.ios.TESTOUITests;
				PRODUCT_NAME = "$(TARGET_NAME)";
				TARGETED_DEVICE_FAMILY = "1,2";
				TEST_TARGET_NAME = TESTO;
			};
			name = Release;
		};
/* End XCBuildConfiguration section */

/* Begin XCConfigurationList section */
		3DDF72A023D3D379002E3DCA /* Build configuration list for PBXProject "TESTO" */ = {
			isa = XCConfigurationList;
			buildConfigurations = (
				3DDF72D523D3D3A7002E3DCA /* Debug */,
				3DDF72D623D3D3A7002E3DCA /* Release */,
			);
			defaultConfigurationIsVisible = 0;
			defaultConfigurationName = Release;
		};
		3DDF72D723D3D3A7002E3DCA /* Build configuration list for PBXNativeTarget "TESTO" */ = {
			isa = XCConfigurationList;
			buildConfigurations = (
				3DDF72D823D3D3A7002E3DCA /* Debug */,
				3DDF72D923D3D3A7002E3DCA /* Release */,
			);
			defaultConfigurationIsVisible = 0;
			defaultConfigurationName = Release;
		};
		3DDF72DA23D3D3A7002E3DCA /* Build configuration list for PBXNativeTarget "TESTOTests" */ = {
			isa = XCConfigurationList;
			buildConfigurations = (
				3DDF72DB23D3D3A7002E3DCA /* Debug */,
				3DDF72DC23D3D3A7002E3DCA /* Release */,
			);
			defaultConfigurationIsVisible = 0;
			defaultConfigurationName = Release;
		};
		3DDF72DD23D3D3A7002E3DCA /* Build configuration list for PBXNativeTarget "TESTOUITests" */ = {
			isa = XCConfigurationList;
			buildConfigurations = (
				3DDF72DE23D3D3A7002E3DCA /* Debug */,
				3DDF72DF23D3D3A7002E3DCA /* Release */,
			);
			defaultConfigurationIsVisible = 0;
			defaultConfigurationName = Release;
		};
/* End XCConfigurationList section */

/* Begin XCVersionGroup section */
		3DDF72B423D3D379002E3DCA /* TESTO.xcdatamodeld */ = {
			isa = XCVersionGroup;
			children = (
				3DDF72B523D3D379002E3DCA /* TESTO.xcdatamodel */,
			);
			currentVersion = 3DDF72B523D3D379002E3DCA /* TESTO.xcdatamodel */;
			path = TESTO.xcdatamodeld;
			sourceTree = "<group>";
			versionGroupType = wrapper.xcdatamodel;
		};
/* End XCVersionGroup section */
	};
	rootObject = 3DDF729D23D3D379002E3DCA /* Project object */;
}
